
Microsoft Visual Studio Solution File, Format Version 12.00
# Visual Studio Version 17
VisualStudioVersion = 17.14.36623.8 d17.14
MinimumVisualStudioVersion = 10.0.40219.1
Project("{2150E333-8FDC-42A3-9474-1A3956D46DE8}") = "Core", "Core", "{02EA681E-C7D8-13C7-8484-4AC65E1B71E8}"
EndProject
Project("{FAE04EC0-301F-11D3-BF4B-00C04F79EFBC}") = "CarBook.Domain", "CarBook.Domain\CarBook.Domain.csproj", "{A5B797DE-B152-46F3-AED6-3298C63387CC}"
EndProject
Project("{2150E333-8FDC-42A3-9474-1A3956D46DE8}") = "Infrastructure", "Infrastructure", "{AC2C8E11-5DC7-4605-9E45-51912F42DA8C}"
EndProject
Project("{FAE04EC0-301F-11D3-BF4B-00C04F79EFBC}") = "CarBook.Persistence", "Infrastructure\CarBook.Persistence\CarBook.Persistence.csproj", "{237BD4C4-623B-42BD-BF72-01683B6BF27A}"
EndProject
Project("{2150E333-8FDC-42A3-9474-1A3956D46DE8}") = "Presentation", "Presentation", "{73A20FC4-E66F-4B7C-A63A-C7B12A21FD38}"
EndProject
Global
	GlobalSection(SolutionConfigurationPlatforms) = preSolution
		Debug|Any CPU = Debug|Any CPU
		Release|Any CPU = Release|Any CPU
	EndGlobalSection
	GlobalSection(ProjectConfigurationPlatforms) = postSolution
		{A5B797DE-B152-46F3-AED6-3298C63387CC}.Debug|Any CPU.ActiveCfg = Debug|Any CPU
		{A5B797DE-B152-46F3-AED6-3298C63387CC}.Debug|Any CPU.Build.0 = Debug|Any CPU
		{A5B797DE-B152-46F3-AED6-3298C63387CC}.Release|Any CPU.ActiveCfg = Release|Any CPU
		{A5B797DE-B152-46F3-AED6-3298C63387CC}.Release|Any CPU.Build.0 = Release|Any CPU
		{237BD4C4-623B-42BD-BF72-01683B6BF27A}.Debug|Any CPU.ActiveCfg = Debug|Any CPU
		{237BD4C4-623B-42BD-BF72-01683B6BF27A}.Debug|Any CPU.Build.0 = Debug|Any CPU
		{237BD4C4-623B-42BD-BF72-01683B6BF27A}.Release|Any CPU.ActiveCfg = Release|Any CPU
		{237BD4C4-623B-42BD-BF72-01683B6BF27A}.Release|Any CPU.Build.0 = Release|Any CPU
	EndGlobalSection
	GlobalSection(SolutionProperties) = preSolution
		HideSolutionNode = FALSE
	EndGlobalSection
	GlobalSection(NestedProjects) = preSolution
		{A5B797DE-B152-46F3-AED6-3298C63387CC} = {02EA681E-C7D8-13C7-8484-4AC65E1B71E8}
		{237BD4C4-623B-42BD-BF72-01683B6BF27A} = {AC2C8E11-5DC7-4605-9E45-51912F42DA8C}
	EndGlobalSection
	GlobalSection(ExtensibilityGlobals) = postSolution
		SolutionGuid = {D212AC50-F044-4213-821A-74D49CF02167}
	EndGlobalSection
EndGlobal
